{
  "name": "@ngnjs/libcrypto",
  "version": "1.1.0-preview.1",
  "lockfileVersion": 2,
  "requires": true,
  "packages": {
    "": {
      "name": "@ngnjs/libcrypto",
      "version": "1.1.0-preview.7",
      "license": "MIT",
      "dependencies": {
        "rfc4648": "^1.5.2"
      },
      "devDependencies": {
        "tappedout": "^1.1.8"
      }
    },
    "node_modules/rfc4648": {
      "version": "1.5.2",
      "resolved": "https://registry.npmjs.org/rfc4648/-/rfc4648-1.5.2.tgz",
      "integrity": "sha512-tLOizhR6YGovrEBLatX1sdcuhoSCXddw3mqNVAcKxGJ+J0hFeJ+SjeWCv5UPA/WU3YzWPPuCVYgXBKZUPGpKtg=="
    },
    "node_modules/tappedout": {
      "version": "1.1.8",
      "resolved": "https://registry.npmjs.org/tappedout/-/tappedout-1.1.8.tgz",
      "integrity": "sha512-ZpkhTmZCFGC/5WfWYi0DGCxzgm04ZMMn1C0T8OH8c/Ik6eOTRPDHRHudKdcV3oONLS0Wd2xx5+fXLbRgAPZxow==",
      "dev": true
    }
  },
  "dependencies": {
    "rfc4648": {
      "version": "1.5.2",
      "resolved": "https://registry.npmjs.org/rfc4648/-/rfc4648-1.5.2.tgz",
      "integrity": "sha512-tLOizhR6YGovrEBLatX1sdcuhoSCXddw3mqNVAcKxGJ+J0hFeJ+SjeWCv5UPA/WU3YzWPPuCVYgXBKZUPGpKtg=="
    },
    "tappedout": {
      "version": "1.1.8",
      "resolved": "https://registry.npmjs.org/tappedout/-/tappedout-1.1.8.tgz",
      "integrity": "sha512-ZpkhTmZCFGC/5WfWYi0DGCxzgm04ZMMn1C0T8OH8c/Ik6eOTRPDHRHudKdcV3oONLS0Wd2xx5+fXLbRgAPZxow==",
      "dev": true
    }
  }
}
